
Microsoft Visual Studio Solution File, Format Version 12.00
# Visual Studio Version 17
VisualStudioVersion = 17.12.35728.132 d17.12
MinimumVisualStudioVersion = 10.0.40219.1
Project("{FAE04EC0-301F-11D3-BF4B-00C04F79EFBC}") = "Company.MVC03.PL", "Company.MVC03.PL\Company.MVC03.PL.csproj", "{F6F00DE4-7E65-4954-B334-D4CABAFBE75A}"
EndProject
Project("{FAE04EC0-301F-11D3-BF4B-00C04F79EFBC}") = "Company.MVC03.DAL", "Company.MVC03.DAL\Company.MVC03.DAL.csproj", "{3E41879B-0193-4EE0-943D-8C8207C011C7}"
EndProject
Project("{FAE04EC0-301F-11D3-BF4B-00C04F79EFBC}") = "Company.MVC03.BLL", "Company.MVC03.BLL\Company.MVC03.BLL.csproj", "{A1DFAB0D-CFBF-4D09-A951-6B815FB2D92E}"
EndProject
Global
	GlobalSection(SolutionConfigurationPlatforms) = preSolution
		Debug|Any CPU = Debug|Any CPU
		Release|Any CPU = Release|Any CPU
	EndGlobalSection
	GlobalSection(ProjectConfigurationPlatforms) = postSolution
		{F6F00DE4-7E65-4954-B334-D4CABAFBE75A}.Debug|Any CPU.ActiveCfg = Debug|Any CPU
		{F6F00DE4-7E65-4954-B334-D4CABAFBE75A}.Debug|Any CPU.Build.0 = Debug|Any CPU
		{F6F00DE4-7E65-4954-B334-D4CABAFBE75A}.Release|Any CPU.ActiveCfg = Release|Any CPU
		{F6F00DE4-7E65-4954-B334-D4CABAFBE75A}.Release|Any CPU.Build.0 = Release|Any CPU
		{3E41879B-0193-4EE0-943D-8C8207C011C7}.Debug|Any CPU.ActiveCfg = Debug|Any CPU
		{3E41879B-0193-4EE0-943D-8C8207C011C7}.Debug|Any CPU.Build.0 = Debug|Any CPU
		{3E41879B-0193-4EE0-943D-8C8207C011C7}.Release|Any CPU.ActiveCfg = Release|Any CPU
		{3E41879B-0193-4EE0-943D-8C8207C011C7}.Release|Any CPU.Build.0 = Release|Any CPU
		{A1DFAB0D-CFBF-4D09-A951-6B815FB2D92E}.Debug|Any CPU.ActiveCfg = Debug|Any CPU
		{A1DFAB0D-CFBF-4D09-A951-6B815FB2D92E}.Debug|Any CPU.Build.0 = Debug|Any CPU
		{A1DFAB0D-CFBF-4D09-A951-6B815FB2D92E}.Release|Any CPU.ActiveCfg = Release|Any CPU
		{A1DFAB0D-CFBF-4D09-A951-6B815FB2D92E}.Release|Any CPU.Build.0 = Release|Any CPU
	EndGlobalSection
	GlobalSection(SolutionProperties) = preSolution
		HideSolutionNode = FALSE
	EndGlobalSection
EndGlobal
